
Microsoft Visual Studio Solution File, Format Version 12.00
# Visual Studio 15
VisualStudioVersion = 15.0.28307.168
MinimumVisualStudioVersion = 10.0.40219.1
Project("{9A19103F-16F7-4668-BE54-9A1E7A4F7556}") = "GameOfDrones.DataAccess", "GameOfDrones.DataAccess\GameOfDrones.DataAccess.csproj", "{B8CFD126-030D-4C0A-8E13-BB5ABF487005}"
EndProject
Project("{9A19103F-16F7-4668-BE54-9A1E7A4F7556}") = "GameOfDrones.Domain", "GameOfDrones.Domain\GameOfDrones.Domain.csproj", "{9F4DFDF6-00FC-497F-9649-8ADAEB80EC27}"
EndProject
Project("{9A19103F-16F7-4668-BE54-9A1E7A4F7556}") = "GameOfDrones.Model", "GameOfDrones.Model\GameOfDrones.Model.csproj", "{211FA230-BA0C-4982-A17D-A06429C20666}"
EndProject
Project("{9A19103F-16F7-4668-BE54-9A1E7A4F7556}") = "GameOfDrones.WebApi", "GameOfDrones.WebApi\GameOfDrones.WebApi.csproj", "{327D2374-7677-4401-80FF-DF4F52D0225E}"
EndProject
Global
	GlobalSection(SolutionConfigurationPlatforms) = preSolution
		Debug|Any CPU = Debug|Any CPU
		Release|Any CPU = Release|Any CPU
	EndGlobalSection
	GlobalSection(ProjectConfigurationPlatforms) = postSolution
		{B8CFD126-030D-4C0A-8E13-BB5ABF487005}.Debug|Any CPU.ActiveCfg = Debug|Any CPU
		{B8CFD126-030D-4C0A-8E13-BB5ABF487005}.Debug|Any CPU.Build.0 = Debug|Any CPU
		{B8CFD126-030D-4C0A-8E13-BB5ABF487005}.Release|Any CPU.ActiveCfg = Release|Any CPU
		{B8CFD126-030D-4C0A-8E13-BB5ABF487005}.Release|Any CPU.Build.0 = Release|Any CPU
		{9F4DFDF6-00FC-497F-9649-8ADAEB80EC27}.Debug|Any CPU.ActiveCfg = Debug|Any CPU
		{9F4DFDF6-00FC-497F-9649-8ADAEB80EC27}.Debug|Any CPU.Build.0 = Debug|Any CPU
		{9F4DFDF6-00FC-497F-9649-8ADAEB80EC27}.Release|Any CPU.ActiveCfg = Release|Any CPU
		{9F4DFDF6-00FC-497F-9649-8ADAEB80EC27}.Release|Any CPU.Build.0 = Release|Any CPU
		{211FA230-BA0C-4982-A17D-A06429C20666}.Debug|Any CPU.ActiveCfg = Debug|Any CPU
		{211FA230-BA0C-4982-A17D-A06429C20666}.Debug|Any CPU.Build.0 = Debug|Any CPU
		{211FA230-BA0C-4982-A17D-A06429C20666}.Release|Any CPU.ActiveCfg = Release|Any CPU
		{211FA230-BA0C-4982-A17D-A06429C20666}.Release|Any CPU.Build.0 = Release|Any CPU
		{327D2374-7677-4401-80FF-DF4F52D0225E}.Debug|Any CPU.ActiveCfg = Debug|Any CPU
		{327D2374-7677-4401-80FF-DF4F52D0225E}.Debug|Any CPU.Build.0 = Debug|Any CPU
		{327D2374-7677-4401-80FF-DF4F52D0225E}.Release|Any CPU.ActiveCfg = Release|Any CPU
		{327D2374-7677-4401-80FF-DF4F52D0225E}.Release|Any CPU.Build.0 = Release|Any CPU
	EndGlobalSection
	GlobalSection(SolutionProperties) = preSolution
		HideSolutionNode = FALSE
	EndGlobalSection
	GlobalSection(ExtensibilityGlobals) = postSolution
		SolutionGuid = {12274C42-24D0-4306-84AE-92D0FF6540AA}
	EndGlobalSection
EndGlobal
